
Microsoft Visual Studio Solution File, Format Version 12.00
# Visual Studio Version 17
VisualStudioVersion = 17.0.32014.148
MinimumVisualStudioVersion = 10.0.40219.1
Project("{FAE04EC0-301F-11D3-BF4B-00C04F79EFBC}") = "TodoListMvc", "TodoListMvc\TodoListMvc.csproj", "{CFA76930-B7EB-4E01-8E5E-78FD56B7AB8B}"
EndProject
Global
	GlobalSection(SolutionConfigurationPlatforms) = preSolution
		Debug|Any CPU = Debug|Any CPU
		Release|Any CPU = Release|Any CPU
	EndGlobalSection
	GlobalSection(ProjectConfigurationPlatforms) = postSolution
		{CFA76930-B7EB-4E01-8E5E-78FD56B7AB8B}.Debug|Any CPU.ActiveCfg = Debug|Any CPU
		{CFA76930-B7EB-4E01-8E5E-78FD56B7AB8B}.Debug|Any CPU.Build.0 = Debug|Any CPU
		{CFA76930-B7EB-4E01-8E5E-78FD56B7AB8B}.Release|Any CPU.ActiveCfg = Release|Any CPU
		{CFA76930-B7EB-4E01-8E5E-78FD56B7AB8B}.Release|Any CPU.Build.0 = Release|Any CPU
	EndGlobalSection
	GlobalSection(SolutionProperties) = preSolution
		HideSolutionNode = FALSE
	EndGlobalSection
	GlobalSection(ExtensibilityGlobals) = postSolution
		SolutionGuid = {2DB30A0A-E323-4E65-B604-DCCDE9D5176B}
	EndGlobalSection
EndGlobal
